
Microsoft Visual Studio Solution File, Format Version 12.00
# Visual Studio Version 16
VisualStudioVersion = 16.0.34031.81
MinimumVisualStudioVersion = 10.0.40219.1
Project("{2150E333-8FDC-42A3-9474-1A3956D46DE8}") = "Task0", "Task0", "{96656000-6068-4C88-8660-FBF375777AA9}"
EndProject
Project("{FAE04EC0-301F-11D3-BF4B-00C04F79EFBC}") = "Tyuiu.PaulikKV.Sprint6.Task0.V9.Test", "Tyuiu.PaulikKV.Sprint6.Task0.V9.Test\Tyuiu.PaulikKV.Sprint6.Task0.V9.Test.csproj", "{9A87DC1A-49CF-4AA0-9548-6EED6395E815}"
EndProject
Project("{FAE04EC0-301F-11D3-BF4B-00C04F79EFBC}") = "Tyuiu.PaulikKV.Sprint6.Task0.V9.Lib", "Tyuiu.PaulikKV.Sprint6.Task0.V9.Lib\Tyuiu.PaulikKV.Sprint6.Task0.V9.Lib.csproj", "{C36259C8-2246-4031-ACB0-C2F346132D70}"
EndProject
Project("{FAE04EC0-301F-11D3-BF4B-00C04F79EFBC}") = "Tyuiu.PaulikKV.Sprint6.Task0.V9", "Tyuiu.PaulikKV.Sprint6.Task0.V9\Tyuiu.PaulikKV.Sprint6.Task0.V9.csproj", "{B873691E-5DB1-49DD-B8B3-766A859B7A03}"
EndProject
Global
	GlobalSection(SolutionConfigurationPlatforms) = preSolution
		Debug|Any CPU = Debug|Any CPU
		Release|Any CPU = Release|Any CPU
	EndGlobalSection
	GlobalSection(ProjectConfigurationPlatforms) = postSolution
		{9A87DC1A-49CF-4AA0-9548-6EED6395E815}.Debug|Any CPU.ActiveCfg = Debug|Any CPU
		{9A87DC1A-49CF-4AA0-9548-6EED6395E815}.Debug|Any CPU.Build.0 = Debug|Any CPU
		{9A87DC1A-49CF-4AA0-9548-6EED6395E815}.Release|Any CPU.ActiveCfg = Release|Any CPU
		{9A87DC1A-49CF-4AA0-9548-6EED6395E815}.Release|Any CPU.Build.0 = Release|Any CPU
		{C36259C8-2246-4031-ACB0-C2F346132D70}.Debug|Any CPU.ActiveCfg = Debug|Any CPU
		{C36259C8-2246-4031-ACB0-C2F346132D70}.Debug|Any CPU.Build.0 = Debug|Any CPU
		{C36259C8-2246-4031-ACB0-C2F346132D70}.Release|Any CPU.ActiveCfg = Release|Any CPU
		{C36259C8-2246-4031-ACB0-C2F346132D70}.Release|Any CPU.Build.0 = Release|Any CPU
		{B873691E-5DB1-49DD-B8B3-766A859B7A03}.Debug|Any CPU.ActiveCfg = Debug|Any CPU
		{B873691E-5DB1-49DD-B8B3-766A859B7A03}.Debug|Any CPU.Build.0 = Debug|Any CPU
		{B873691E-5DB1-49DD-B8B3-766A859B7A03}.Release|Any CPU.ActiveCfg = Release|Any CPU
		{B873691E-5DB1-49DD-B8B3-766A859B7A03}.Release|Any CPU.Build.0 = Release|Any CPU
	EndGlobalSection
	GlobalSection(SolutionProperties) = preSolution
		HideSolutionNode = FALSE
	EndGlobalSection
	GlobalSection(NestedProjects) = preSolution
		{9A87DC1A-49CF-4AA0-9548-6EED6395E815} = {96656000-6068-4C88-8660-FBF375777AA9}
		{C36259C8-2246-4031-ACB0-C2F346132D70} = {96656000-6068-4C88-8660-FBF375777AA9}
		{B873691E-5DB1-49DD-B8B3-766A859B7A03} = {96656000-6068-4C88-8660-FBF375777AA9}
	EndGlobalSection
	GlobalSection(ExtensibilityGlobals) = postSolution
		SolutionGuid = {92284DF1-CAFA-4393-914B-E30F82677FB2}
	EndGlobalSection
EndGlobal
