
Microsoft Visual Studio Solution File, Format Version 12.00
# Visual Studio Version 16
VisualStudioVersion = 16.0.34031.81
MinimumVisualStudioVersion = 10.0.40219.1
Project("{2150E333-8FDC-42A3-9474-1A3956D46DE8}") = "Task0", "Task0", "{96656000-6068-4C88-8660-FBF375777AA9}"
EndProject
Project("{FAE04EC0-301F-11D3-BF4B-00C04F79EFBC}") = "Tyuiu.PaulikKV.Sprint6.Task0.V9.Test", "Tyuiu.PaulikKV.Sprint6.Task0.V9.Test\Tyuiu.PaulikKV.Sprint6.Task0.V9.Test.csproj", "{9A87DC1A-49CF-4AA0-9548-6EED6395E815}"
EndProject
Project("{FAE04EC0-301F-11D3-BF4B-00C04F79EFBC}") = "Tyuiu.PaulikKV.Sprint6.Task0.V9.Lib", "Tyuiu.PaulikKV.Sprint6.Task0.V9.Lib\Tyuiu.PaulikKV.Sprint6.Task0.V9.Lib.csproj", "{C36259C8-2246-4031-ACB0-C2F346132D70}"
EndProject
Project("{FAE04EC0-301F-11D3-BF4B-00C04F79EFBC}") = "Tyuiu.PaulikKV.Sprint6.Task0.V9", "Tyuiu.PaulikKV.Sprint6.Task0.V9\Tyuiu.PaulikKV.Sprint6.Task0.V9.csproj", "{B873691E-5DB1-49DD-B8B3-766A859B7A03}"
EndProject
Project("{2150E333-8FDC-42A3-9474-1A3956D46DE8}") = "Task1", "Task1", "{A82D37C0-A059-471E-B489-806088094A36}"
EndProject
Project("{FAE04EC0-301F-11D3-BF4B-00C04F79EFBC}") = "Tyuiu.PaulikKV.Sprint6.Task1.V5.Lib", "Tyuiu.PaulikKV.Sprint6.Task1.V5.Lib\Tyuiu.PaulikKV.Sprint6.Task1.V5.Lib.csproj", "{4E4131F0-24CA-44EF-96AB-55BAC6470285}"
EndProject
Project("{FAE04EC0-301F-11D3-BF4B-00C04F79EFBC}") = "Tyuiu.PaulikKV.Sprint6.Task1.V5.Test", "Tyuiu.PaulikKV.Sprint6.Task1.V5.Test\Tyuiu.PaulikKV.Sprint6.Task1.V5.Test.csproj", "{E6101CB1-9FD2-4264-B1FC-E2BD673486CD}"
EndProject
Project("{FAE04EC0-301F-11D3-BF4B-00C04F79EFBC}") = "Tyuiu.PaulikKV.Sprint6.Task1.V5", "Tyuiu.PaulikKV.Sprint6.Task1.V5\Tyuiu.PaulikKV.Sprint6.Task1.V5.csproj", "{A72E0030-9979-4353-B7AE-5A34D5315F89}"
EndProject
Project("{2150E333-8FDC-42A3-9474-1A3956D46DE8}") = "Task2", "Task2", "{8CC6109B-EB67-4BB9-8937-C0ECCC7A4CCD}"
EndProject
Project("{FAE04EC0-301F-11D3-BF4B-00C04F79EFBC}") = "Tyuiu.PaulikKV.Sprint6.Task2.V10.Test", "Tyuiu.PaulikKV.Sprint6.Task2.V10.Test\Tyuiu.PaulikKV.Sprint6.Task2.V10.Test.csproj", "{EB07041F-0026-409D-AA13-E971E75B8783}"
EndProject
Project("{FAE04EC0-301F-11D3-BF4B-00C04F79EFBC}") = "Tyuiu.PaulikKV.Sprint6.Task2.V10.Lib", "Tyuiu.PaulikKV.Sprint6.Task2.V10.Lib\Tyuiu.PaulikKV.Sprint6.Task2.V10.Lib.csproj", "{E32A7613-281E-44C6-9D2D-2C7046AB1E46}"
EndProject
Project("{FAE04EC0-301F-11D3-BF4B-00C04F79EFBC}") = "Tyuiu.PaulikKV.Sprint6.Task2.V10", "Tyuiu.PaulikKV.Sprint6.Task2.V10\Tyuiu.PaulikKV.Sprint6.Task2.V10.csproj", "{AF2141BA-CF3F-4A81-BBC9-EEF354EC7F3E}"
EndProject
Global
	GlobalSection(SolutionConfigurationPlatforms) = preSolution
		Debug|Any CPU = Debug|Any CPU
		Release|Any CPU = Release|Any CPU
	EndGlobalSection
	GlobalSection(ProjectConfigurationPlatforms) = postSolution
		{9A87DC1A-49CF-4AA0-9548-6EED6395E815}.Debug|Any CPU.ActiveCfg = Debug|Any CPU
		{9A87DC1A-49CF-4AA0-9548-6EED6395E815}.Debug|Any CPU.Build.0 = Debug|Any CPU
		{9A87DC1A-49CF-4AA0-9548-6EED6395E815}.Release|Any CPU.ActiveCfg = Release|Any CPU
		{9A87DC1A-49CF-4AA0-9548-6EED6395E815}.Release|Any CPU.Build.0 = Release|Any CPU
		{C36259C8-2246-4031-ACB0-C2F346132D70}.Debug|Any CPU.ActiveCfg = Debug|Any CPU
		{C36259C8-2246-4031-ACB0-C2F346132D70}.Debug|Any CPU.Build.0 = Debug|Any CPU
		{C36259C8-2246-4031-ACB0-C2F346132D70}.Release|Any CPU.ActiveCfg = Release|Any CPU
		{C36259C8-2246-4031-ACB0-C2F346132D70}.Release|Any CPU.Build.0 = Release|Any CPU
		{B873691E-5DB1-49DD-B8B3-766A859B7A03}.Debug|Any CPU.ActiveCfg = Debug|Any CPU
		{B873691E-5DB1-49DD-B8B3-766A859B7A03}.Debug|Any CPU.Build.0 = Debug|Any CPU
		{B873691E-5DB1-49DD-B8B3-766A859B7A03}.Release|Any CPU.ActiveCfg = Release|Any CPU
		{B873691E-5DB1-49DD-B8B3-766A859B7A03}.Release|Any CPU.Build.0 = Release|Any CPU
		{4E4131F0-24CA-44EF-96AB-55BAC6470285}.Debug|Any CPU.ActiveCfg = Debug|Any CPU
		{4E4131F0-24CA-44EF-96AB-55BAC6470285}.Debug|Any CPU.Build.0 = Debug|Any CPU
		{4E4131F0-24CA-44EF-96AB-55BAC6470285}.Release|Any CPU.ActiveCfg = Release|Any CPU
		{4E4131F0-24CA-44EF-96AB-55BAC6470285}.Release|Any CPU.Build.0 = Release|Any CPU
		{E6101CB1-9FD2-4264-B1FC-E2BD673486CD}.Debug|Any CPU.ActiveCfg = Debug|Any CPU
		{E6101CB1-9FD2-4264-B1FC-E2BD673486CD}.Debug|Any CPU.Build.0 = Debug|Any CPU
		{E6101CB1-9FD2-4264-B1FC-E2BD673486CD}.Release|Any CPU.ActiveCfg = Release|Any CPU
		{E6101CB1-9FD2-4264-B1FC-E2BD673486CD}.Release|Any CPU.Build.0 = Release|Any CPU
		{A72E0030-9979-4353-B7AE-5A34D5315F89}.Debug|Any CPU.ActiveCfg = Debug|Any CPU
		{A72E0030-9979-4353-B7AE-5A34D5315F89}.Debug|Any CPU.Build.0 = Debug|Any CPU
		{A72E0030-9979-4353-B7AE-5A34D5315F89}.Release|Any CPU.ActiveCfg = Release|Any CPU
		{A72E0030-9979-4353-B7AE-5A34D5315F89}.Release|Any CPU.Build.0 = Release|Any CPU
		{EB07041F-0026-409D-AA13-E971E75B8783}.Debug|Any CPU.ActiveCfg = Debug|Any CPU
		{EB07041F-0026-409D-AA13-E971E75B8783}.Debug|Any CPU.Build.0 = Debug|Any CPU
		{EB07041F-0026-409D-AA13-E971E75B8783}.Release|Any CPU.ActiveCfg = Release|Any CPU
		{EB07041F-0026-409D-AA13-E971E75B8783}.Release|Any CPU.Build.0 = Release|Any CPU
		{E32A7613-281E-44C6-9D2D-2C7046AB1E46}.Debug|Any CPU.ActiveCfg = Debug|Any CPU
		{E32A7613-281E-44C6-9D2D-2C7046AB1E46}.Debug|Any CPU.Build.0 = Debug|Any CPU
		{E32A7613-281E-44C6-9D2D-2C7046AB1E46}.Release|Any CPU.ActiveCfg = Release|Any CPU
		{E32A7613-281E-44C6-9D2D-2C7046AB1E46}.Release|Any CPU.Build.0 = Release|Any CPU
		{AF2141BA-CF3F-4A81-BBC9-EEF354EC7F3E}.Debug|Any CPU.ActiveCfg = Debug|Any CPU
		{AF2141BA-CF3F-4A81-BBC9-EEF354EC7F3E}.Debug|Any CPU.Build.0 = Debug|Any CPU
		{AF2141BA-CF3F-4A81-BBC9-EEF354EC7F3E}.Release|Any CPU.ActiveCfg = Release|Any CPU
		{AF2141BA-CF3F-4A81-BBC9-EEF354EC7F3E}.Release|Any CPU.Build.0 = Release|Any CPU
	EndGlobalSection
	GlobalSection(SolutionProperties) = preSolution
		HideSolutionNode = FALSE
	EndGlobalSection
	GlobalSection(NestedProjects) = preSolution
		{9A87DC1A-49CF-4AA0-9548-6EED6395E815} = {96656000-6068-4C88-8660-FBF375777AA9}
		{C36259C8-2246-4031-ACB0-C2F346132D70} = {96656000-6068-4C88-8660-FBF375777AA9}
		{B873691E-5DB1-49DD-B8B3-766A859B7A03} = {96656000-6068-4C88-8660-FBF375777AA9}
		{4E4131F0-24CA-44EF-96AB-55BAC6470285} = {A82D37C0-A059-471E-B489-806088094A36}
		{E6101CB1-9FD2-4264-B1FC-E2BD673486CD} = {A82D37C0-A059-471E-B489-806088094A36}
		{A72E0030-9979-4353-B7AE-5A34D5315F89} = {A82D37C0-A059-471E-B489-806088094A36}
		{EB07041F-0026-409D-AA13-E971E75B8783} = {8CC6109B-EB67-4BB9-8937-C0ECCC7A4CCD}
		{E32A7613-281E-44C6-9D2D-2C7046AB1E46} = {8CC6109B-EB67-4BB9-8937-C0ECCC7A4CCD}
		{AF2141BA-CF3F-4A81-BBC9-EEF354EC7F3E} = {8CC6109B-EB67-4BB9-8937-C0ECCC7A4CCD}
	EndGlobalSection
	GlobalSection(ExtensibilityGlobals) = postSolution
		SolutionGuid = {92284DF1-CAFA-4393-914B-E30F82677FB2}
	EndGlobalSection
EndGlobal
